
Microsoft Visual Studio Solution File, Format Version 12.00
# Visual Studio Version 16
VisualStudioVersion = 16.0.31624.102
MinimumVisualStudioVersion = 10.0.40219.1
Project("{8BC9CEB8-8B4A-11D0-8D11-00A0C91BC942}") = "Lab_6.2.1", "Lab_6.2.1\Lab_6.2.1.vcxproj", "{1BEFED9D-0225-4B67-ADB6-63076924691D}"
EndProject
Project("{8BC9CEB8-8B4A-11D0-8D11-00A0C91BC942}") = "UnitTest6.2.1", "UnitTest6.2.1\UnitTest6.2.1.vcxproj", "{615CC70A-2FA1-48AD-9D51-1055CBEBAF87}"
EndProject
Global
	GlobalSection(SolutionConfigurationPlatforms) = preSolution
		Debug|x64 = Debug|x64
		Debug|x86 = Debug|x86
		Release|x64 = Release|x64
		Release|x86 = Release|x86
	EndGlobalSection
	GlobalSection(ProjectConfigurationPlatforms) = postSolution
		{1BEFED9D-0225-4B67-ADB6-63076924691D}.Debug|x64.ActiveCfg = Debug|x64
		{1BEFED9D-0225-4B67-ADB6-63076924691D}.Debug|x64.Build.0 = Debug|x64
		{1BEFED9D-0225-4B67-ADB6-63076924691D}.Debug|x86.ActiveCfg = Debug|Win32
		{1BEFED9D-0225-4B67-ADB6-63076924691D}.Debug|x86.Build.0 = Debug|Win32
		{1BEFED9D-0225-4B67-ADB6-63076924691D}.Release|x64.ActiveCfg = Release|x64
		{1BEFED9D-0225-4B67-ADB6-63076924691D}.Release|x64.Build.0 = Release|x64
		{1BEFED9D-0225-4B67-ADB6-63076924691D}.Release|x86.ActiveCfg = Release|Win32
		{1BEFED9D-0225-4B67-ADB6-63076924691D}.Release|x86.Build.0 = Release|Win32
		{615CC70A-2FA1-48AD-9D51-1055CBEBAF87}.Debug|x64.ActiveCfg = Debug|x64
		{615CC70A-2FA1-48AD-9D51-1055CBEBAF87}.Debug|x64.Build.0 = Debug|x64
		{615CC70A-2FA1-48AD-9D51-1055CBEBAF87}.Debug|x86.ActiveCfg = Debug|Win32
		{615CC70A-2FA1-48AD-9D51-1055CBEBAF87}.Debug|x86.Build.0 = Debug|Win32
		{615CC70A-2FA1-48AD-9D51-1055CBEBAF87}.Release|x64.ActiveCfg = Release|x64
		{615CC70A-2FA1-48AD-9D51-1055CBEBAF87}.Release|x64.Build.0 = Release|x64
		{615CC70A-2FA1-48AD-9D51-1055CBEBAF87}.Release|x86.ActiveCfg = Release|Win32
		{615CC70A-2FA1-48AD-9D51-1055CBEBAF87}.Release|x86.Build.0 = Release|Win32
	EndGlobalSection
	GlobalSection(SolutionProperties) = preSolution
		HideSolutionNode = FALSE
	EndGlobalSection
	GlobalSection(ExtensibilityGlobals) = postSolution
		SolutionGuid = {942A5FF4-5F6D-48EC-BA73-DD7BEF1DF65B}
	EndGlobalSection
EndGlobal
